
Microsoft Visual Studio Solution File, Format Version 12.00
Project("{FAE04EC0-301F-11D3-BF4B-00C04F79EFBC}") = "_3_4", "_3_4\_3_4.csproj", "{E9251053-9ACB-4647-A020-DF9992E34189}"
EndProject
Global
	GlobalSection(SolutionConfigurationPlatforms) = preSolution
		Debug|Any CPU = Debug|Any CPU
		Release|Any CPU = Release|Any CPU
	EndGlobalSection
	GlobalSection(ProjectConfigurationPlatforms) = postSolution
		{E9251053-9ACB-4647-A020-DF9992E34189}.Debug|Any CPU.ActiveCfg = Debug|Any CPU
		{E9251053-9ACB-4647-A020-DF9992E34189}.Debug|Any CPU.Build.0 = Debug|Any CPU
		{E9251053-9ACB-4647-A020-DF9992E34189}.Release|Any CPU.ActiveCfg = Release|Any CPU
		{E9251053-9ACB-4647-A020-DF9992E34189}.Release|Any CPU.Build.0 = Release|Any CPU
	EndGlobalSection
EndGlobal
