
Microsoft Visual Studio Solution File, Format Version 12.00
Project("{FAE04EC0-301F-11D3-BF4B-00C04F79EFBC}") = "2_5", "2_5\2_5.csproj", "{DE434BF4-C247-4456-9DC2-3835FC30E3FE}"
EndProject
Global
	GlobalSection(SolutionConfigurationPlatforms) = preSolution
		Debug|Any CPU = Debug|Any CPU
		Release|Any CPU = Release|Any CPU
	EndGlobalSection
	GlobalSection(ProjectConfigurationPlatforms) = postSolution
		{DE434BF4-C247-4456-9DC2-3835FC30E3FE}.Debug|Any CPU.ActiveCfg = Debug|Any CPU
		{DE434BF4-C247-4456-9DC2-3835FC30E3FE}.Debug|Any CPU.Build.0 = Debug|Any CPU
		{DE434BF4-C247-4456-9DC2-3835FC30E3FE}.Release|Any CPU.ActiveCfg = Release|Any CPU
		{DE434BF4-C247-4456-9DC2-3835FC30E3FE}.Release|Any CPU.Build.0 = Release|Any CPU
	EndGlobalSection
EndGlobal
